// !$*UTF8*$!
{
	archiveVersion = 1;
	classes = {
	};
	objectVersion = 50;
	objects = {

/* Begin PBXBuildFile section */
		55259DC521A5383000D2F6CB /* AppDelegate.swift in Sources */ = {isa = PBXBuildFile; fileRef = 55259DC421A5383000D2F6CB /* AppDelegate.swift */; };
		55259DC721A5383000D2F6CB /* ViewController.swift in Sources */ = {isa = PBXBuildFile; fileRef = 55259DC621A5383000D2F6CB /* ViewController.swift */; };
		55259DCA21A5383000D2F6CB /* Main.storyboard in Resources */ = {isa = PBXBuildFile; fileRef = 55259DC821A5383000D2F6CB /* Main.storyboard */; };
		55259DCC21A5383200D2F6CB /* Assets.xcassets in Resources */ = {isa = PBXBuildFile; fileRef = 55259DCB21A5383200D2F6CB /* Assets.xcassets */; };
		55259DCF21A5383200D2F6CB /* LaunchScreen.storyboard in Resources */ = {isa = PBXBuildFile; fileRef = 55259DCD21A5383200D2F6CB /* LaunchScreen.storyboard */; };
		55259DD721A5385200D2F6CB /* QuestionViewController.swift in Sources */ = {isa = PBXBuildFile; fileRef = 55259DD621A5385200D2F6CB /* QuestionViewController.swift */; };
		55259DD921A5519800D2F6CB /* Qna.swift in Sources */ = {isa = PBXBuildFile; fileRef = 55259DD821A5519800D2F6CB /* Qna.swift */; };
/* End PBXBuildFile section */

/* Begin PBXFileReference section */
		55259DC121A5383000D2F6CB /* Qna.app */ = {isa = PBXFileReference; explicitFileType = wrapper.application; includeInIndex = 0; path = Qna.app; sourceTree = BUILT_PRODUCTS_DIR; };
		55259DC421A5383000D2F6CB /* AppDelegate.swift */ = {isa = PBXFileReference; lastKnownFileType = sourcecode.swift; path = AppDelegate.swift; sourceTree = "<group>"; };
		55259DC621A5383000D2F6CB /* ViewController.swift */ = {isa = PBXFileReference; lastKnownFileType = sourcecode.swift; path = ViewController.swift; sourceTree = "<group>"; };
		55259DC921A5383000D2F6CB /* Base */ = {isa = PBXFileReference; lastKnownFileType = file.storyboard; name = Base; path = Base.lproj/Main.storyboard; sourceTree = "<group>"; };
		55259DCB21A5383200D2F6CB /* Assets.xcassets */ = {isa = PBXFileReference; lastKnownFileType = folder.assetcatalog; path = Assets.xcassets; sourceTree = "<group>"; };
		55259DCE21A5383200D2F6CB /* Base */ = {isa = PBXFileReference; lastKnownFileType = file.storyboard; name = Base; path = Base.lproj/LaunchScreen.storyboard; sourceTree = "<group>"; };
		55259DD021A5383200D2F6CB /* Info.plist */ = {isa = PBXFileReference; lastKnownFileType = text.plist.xml; path = Info.plist; sourceTree = "<group>"; };
		55259DD621A5385200D2F6CB /* QuestionViewController.swift */ = {isa = PBXFileReference; lastKnownFileType = sourcecode.swift; path = QuestionViewController.swift; sourceTree = "<group>"; };
		55259DD821A5519800D2F6CB /* Qna.swift */ = {isa = PBXFileReference; lastKnownFileType = sourcecode.swift; path = Qna.swift; sourceTree = "<group>"; };
/* End PBXFileReference section */

/* Begin PBXFrameworksBuildPhase section */
		55259DBE21A5382F00D2F6CB /* Frameworks */ = {
			isa = PBXFrameworksBuildPhase;
			buildActionMask = 2147483647;
			files = (
			);
			runOnlyForDeploymentPostprocessing = 0;
		};
/* End PBXFrameworksBuildPhase section */

/* Begin PBXGroup section */
		55259DB821A5382F00D2F6CB = {
			isa = PBXGroup;
			children = (
				55259DC321A5383000D2F6CB /* Qna */,
				55259DC221A5383000D2F6CB /* Products */,
			);
			sourceTree = "<group>";
		};
		55259DC221A5383000D2F6CB /* Products */ = {
			isa = PBXGroup;
			children = (
				55259DC121A5383000D2F6CB /* Qna.app */,
			);
			name = Products;
			sourceTree = "<group>";
		};
		55259DC321A5383000D2F6CB /* Qna */ = {
			isa = PBXGroup;
			children = (
				55259DC421A5383000D2F6CB /* AppDelegate.swift */,
				55259DC621A5383000D2F6CB /* ViewController.swift */,
				55259DC821A5383000D2F6CB /* Main.storyboard */,
				55259DD821A5519800D2F6CB /* Qna.swift */,
				55259DD621A5385200D2F6CB /* QuestionViewController.swift */,
				55259DCB21A5383200D2F6CB /* Assets.xcassets */,
				55259DCD21A5383200D2F6CB /* LaunchScreen.storyboard */,
				55259DD021A5383200D2F6CB /* Info.plist */,
			);
			path = Qna;
			sourceTree = "<group>";
		};
/* End PBXGroup section */

/* Begin PBXNativeTarget section */
		55259DC021A5382F00D2F6CB /* Qna */ = {
			isa = PBXNativeTarget;
			buildConfigurationList = 55259DD321A5383200D2F6CB /* Build configuration list for PBXNativeTarget "Qna" */;
			buildPhases = (
				55259DBD21A5382F00D2F6CB /* Sources */,
				55259DBE21A5382F00D2F6CB /* Frameworks */,
				55259DBF21A5382F00D2F6CB /* Resources */,
			);
			buildRules = (
			);
			dependencies = (
			);
			name = Qna;
			productName = Qna;
			productReference = 55259DC121A5383000D2F6CB /* Qna.app */;
			productType = "com.apple.product-type.application";
		};
/* End PBXNativeTarget section */

/* Begin PBXProject section */
		55259DB921A5382F00D2F6CB /* Project object */ = {
			isa = PBXProject;
			attributes = {
				LastSwiftUpdateCheck = 1000;
				LastUpgradeCheck = 1000;
				ORGANIZATIONNAME = User03;
				TargetAttributes = {
					55259DC021A5382F00D2F6CB = {
						CreatedOnToolsVersion = 10.0;
					};
				};
			};
			buildConfigurationList = 55259DBC21A5382F00D2F6CB /* Build configuration list for PBXProject "Qna" */;
			compatibilityVersion = "Xcode 9.3";
			developmentRegion = en;
			hasScannedForEncodings = 0;
			knownRegions = (
				en,
				Base,
			);
			mainGroup = 55259DB821A5382F00D2F6CB;
			productRefGroup = 55259DC221A5383000D2F6CB /* Products */;
			projectDirPath = "";
			projectRoot = "";
			targets = (
				55259DC021A5382F00D2F6CB /* Qna */,
			);
		};
/* End PBXProject section */

/* Begin PBXResourcesBuildPhase section */
		55259DBF21A5382F00D2F6CB /* Resources */ = {
			isa = PBXResourcesBuildPhase;
			buildActionMask = 2147483647;
			files = (
				55259DCF21A5383200D2F6CB /* LaunchScreen.storyboard in Resources */,
				55259DCC21A5383200D2F6CB /* Assets.xcassets in Resources */,
				55259DCA21A5383000D2F6CB /* Main.storyboard in Resources */,
			);
			runOnlyForDeploymentPostprocessing = 0;
		};
/* End PBXResourcesBuildPhase section */

/* Begin PBXSourcesBuildPhase section */
		55259DBD21A5382F00D2F6CB /* Sources */ = {
			isa = PBXSourcesBuildPhase;
			buildActionMask = 2147483647;
			files = (
				55259DD921A5519800D2F6CB /* Qna.swift in Sources */,
				55259DC721A5383000D2F6CB /* ViewController.swift in Sources */,
				55259DC521A5383000D2F6CB /* AppDelegate.swift in Sources */,
				55259DD721A5385200D2F6CB /* QuestionViewController.swift in Sources */,
			);
			runOnlyForDeploymentPostprocessing = 0;
		};
/* End PBXSourcesBuildPhase section */

/* Begin PBXVariantGroup section */
		55259DC821A5383000D2F6CB /* Main.storyboard */ = {
			isa = PBXVariantGroup;
			children = (
				55259DC921A5383000D2F6CB /* Base */,
			);
			name = Main.storyboard;
			sourceTree = "<group>";
		};
		55259DCD21A5383200D2F6CB /* LaunchScreen.storyboard */ = {
			isa = PBXVariantGroup;
			children = (
				55259DCE21A5383200D2F6CB /* Base */,
			);
			name = LaunchScreen.storyboard;
			sourceTree = "<group>";
		};
/* End PBXVariantGroup section */

/* Begin XCBuildConfiguration section */
		55259DD121A5383200D2F6CB /* Debug */ = {
			isa = XCBuildConfiguration;
			buildSettings = {
				ALWAYS_SEARCH_USER_PATHS = NO;
				CLANG_ANALYZER_NONNULL = YES;
				CLANG_ANALYZER_NUMBER_OBJECT_CONVERSION = YES_AGGRESSIVE;
				CLANG_CXX_LANGUAGE_STANDARD = "gnu++14";
				CLANG_CXX_LIBRARY = "libc++";
				CLANG_ENABLE_MODULES = YES;
				CLANG_ENABLE_OBJC_ARC = YES;
				CLANG_ENABLE_OBJC_WEAK = YES;
				CLANG_WARN_BLOCK_CAPTURE_AUTORELEASING = YES;
				CLANG_WARN_BOOL_CONVERSION = YES;
				CLANG_WARN_COMMA = YES;
				CLANG_WARN_CONSTANT_CONVERSION = YES;
				CLANG_WARN_DEPRECATED_OBJC_IMPLEMENTATIONS = YES;
				CLANG_WARN_DIRECT_OBJC_ISA_USAGE = YES_ERROR;
				CLANG_WARN_DOCUMENTATION_COMMENTS = YES;
				CLANG_WARN_EMPTY_BODY = YES;
				CLANG_WARN_ENUM_CONVERSION = YES;
				CLANG_WARN_INFINITE_RECURSION = YES;
				CLANG_WARN_INT_CONVERSION = YES;
				CLANG_WARN_NON_LITERAL_NULL_CONVERSION = YES;
				CLANG_WARN_OBJC_IMPLICIT_RETAIN_SELF = YES;
				CLANG_WARN_OBJC_LITERAL_CONVERSION = YES;
				CLANG_WARN_OBJC_ROOT_CLASS = YES_ERROR;
				CLANG_WARN_RANGE_LOOP_ANALYSIS = YES;
				CLANG_WARN_STRICT_PROTOTYPES = YES;
				CLANG_WARN_SUSPICIOUS_MOVE = YES;
				CLANG_WARN_UNGUARDED_AVAILABILITY = YES_AGGRESSIVE;
				CLANG_WARN_UNREACHABLE_CODE = YES;
				CLANG_WARN__DUPLICATE_METHOD_MATCH = YES;
				CODE_SIGN_IDENTITY = "iPhone Developer";
				COPY_PHASE_STRIP = NO;
				DEBUG_INFORMATION_FORMAT = dwarf;
				ENABLE_STRICT_OBJC_MSGSEND = YES;
				ENABLE_TESTABILITY = YES;
				GCC_C_LANGUAGE_STANDARD = gnu11;
				GCC_DYNAMIC_NO_PIC = NO;
				GCC_NO_COMMON_BLOCKS = YES;
				GCC_OPTIMIZATION_LEVEL = 0;
				GCC_PREPROCESSOR_DEFINITIONS = (
					"DEBUG=1",
					"$(inherited)",
				);
				GCC_WARN_64_TO_32_BIT_CONVERSION = YES;
				GCC_WARN_ABOUT_RETURN_TYPE = YES_ERROR;
				GCC_WARN_UNDECLARED_SELECTOR = YES;
				GCC_WARN_UNINITIALIZED_AUTOS = YES_AGGRESSIVE;
				GCC_WARN_UNUSED_FUNCTION = YES;
				GCC_WARN_UNUSED_VARIABLE = YES;
				IPHONEOS_DEPLOYMENT_TARGET = 12.0;
				MTL_ENABLE_DEBUG_INFO = INCLUDE_SOURCE;
				MTL_FAST_MATH = YES;
				ONLY_ACTIVE_ARCH = YES;
				SDKROOT = iphoneos;
				SWIFT_ACTIVE_COMPILATION_CONDITIONS = DEBUG;
				SWIFT_OPTIMIZATION_LEVEL = "-Onone";
			};
			name = Debug;
		};
		55259DD221A5383200D2F6CB /* Release */ = {
			isa = XCBuildConfiguration;
			buildSettings = {
				ALWAYS_SEARCH_USER_PATHS = NO;
				CLANG_ANALYZER_NONNULL = YES;
				CLANG_ANALYZER_NUMBER_OBJECT_CONVERSION = YES_AGGRESSIVE;
				CLANG_CXX_LANGUAGE_STANDARD = "gnu++14";
				CLANG_CXX_LIBRARY = "libc++";
				CLANG_ENABLE_MODULES = YES;
				CLANG_ENABLE_OBJC_ARC = YES;
				CLANG_ENABLE_OBJC_WEAK = YES;
				CLANG_WARN_BLOCK_CAPTURE_AUTORELEASING = YES;
				CLANG_WARN_BOOL_CONVERSION = YES;
				CLANG_WARN_COMMA = YES;
				CLANG_WARN_CONSTANT_CONVERSION = YES;
				CLANG_WARN_DEPRECATED_OBJC_IMPLEMENTATIONS = YES;
				CLANG_WARN_DIRECT_OBJC_ISA_USAGE = YES_ERROR;
				CLANG_WARN_DOCUMENTATION_COMMENTS = YES;
				CLANG_WARN_EMPTY_BODY = YES;
				CLANG_WARN_ENUM_CONVERSION = YES;
				CLANG_WARN_INFINITE_RECURSION = YES;
				CLANG_WARN_INT_CONVERSION = YES;
				CLANG_WARN_NON_LITERAL_NULL_CONVERSION = YES;
				CLANG_WARN_OBJC_IMPLICIT_RETAIN_SELF = YES;
				CLANG_WARN_OBJC_LITERAL_CONVERSION = YES;
				CLANG_WARN_OBJC_ROOT_CLASS = YES_ERROR;
				CLANG_WARN_RANGE_LOOP_ANALYSIS = YES;
				CLANG_WARN_STRICT_PROTOTYPES = YES;
				CLANG_WARN_SUSPICIOUS_MOVE = YES;
				CLANG_WARN_UNGUARDED_AVAILABILITY = YES_AGGRESSIVE;
				CLANG_WARN_UNREACHABLE_CODE = YES;
				CLANG_WARN__DUPLICATE_METHOD_MATCH = YES;
				CODE_SIGN_IDENTITY = "iPhone Developer";
				COPY_PHASE_STRIP = NO;
				DEBUG_INFORMATION_FORMAT = "dwarf-with-dsym";
				ENABLE_NS_ASSERTIONS = NO;
				ENABLE_STRICT_OBJC_MSGSEND = YES;
				GCC_C_LANGUAGE_STANDARD = gnu11;
				GCC_NO_COMMON_BLOCKS = YES;
				GCC_WARN_64_TO_32_BIT_CONVERSION = YES;
				GCC_WARN_ABOUT_RETURN_TYPE = YES_ERROR;
				GCC_WARN_UNDECLARED_SELECTOR = YES;
				GCC_WARN_UNINITIALIZED_AUTOS = YES_AGGRESSIVE;
				GCC_WARN_UNUSED_FUNCTION = YES;
				GCC_WARN_UNUSED_VARIABLE = YES;
				IPHONEOS_DEPLOYMENT_TARGET = 12.0;
				MTL_ENABLE_DEBUG_INFO = NO;
				MTL_FAST_MATH = YES;
				SDKROOT = iphoneos;
				SWIFT_COMPILATION_MODE = wholemodule;
				SWIFT_OPTIMIZATION_LEVEL = "-O";
				VALIDATE_PRODUCT = YES;
			};
			name = Release;
		};
		55259DD421A5383200D2F6CB /* Debug */ = {
			isa = XCBuildConfiguration;
			buildSettings = {
				ASSETCATALOG_COMPILER_APPICON_NAME = AppIcon;
				CODE_SIGN_STYLE = Automatic;
				INFOPLIST_FILE = Qna/Info.plist;
				LD_RUNPATH_SEARCH_PATHS = (
					"$(inherited)",
					"@executable_path/Frameworks",
				);
				PRODUCT_BUNDLE_IDENTIFIER = com.chen.Qna;
				PRODUCT_NAME = "$(TARGET_NAME)";
				SWIFT_VERSION = 4.2;
				TARGETED_DEVICE_FAMILY = "1,2";
			};
			name = Debug;
		};
		55259DD521A5383200D2F6CB /* Release */ = {
			isa = XCBuildConfiguration;
			buildSettings = {
				ASSETCATALOG_COMPILER_APPICON_NAME = AppIcon;
				CODE_SIGN_STYLE = Automatic;
				INFOPLIST_FILE = Qna/Info.plist;
				LD_RUNPATH_SEARCH_PATHS = (
					"$(inherited)",
					"@executable_path/Frameworks",
				);
				PRODUCT_BUNDLE_IDENTIFIER = com.chen.Qna;
				PRODUCT_NAME = "$(TARGET_NAME)";
				SWIFT_VERSION = 4.2;
				TARGETED_DEVICE_FAMILY = "1,2";
			};
			name = Release;
		};
/* End XCBuildConfiguration section */

/* Begin XCConfigurationList section */
		55259DBC21A5382F00D2F6CB /* Build configuration list for PBXProject "Qna" */ = {
			isa = XCConfigurationList;
			buildConfigurations = (
				55259DD121A5383200D2F6CB /* Debug */,
				55259DD221A5383200D2F6CB /* Release */,
			);
			defaultConfigurationIsVisible = 0;
			defaultConfigurationName = Release;
		};
		55259DD321A5383200D2F6CB /* Build configuration list for PBXNativeTarget "Qna" */ = {
			isa = XCConfigurationList;
			buildConfigurations = (
				55259DD421A5383200D2F6CB /* Debug */,
				55259DD521A5383200D2F6CB /* Release */,
			);
			defaultConfigurationIsVisible = 0;
			defaultConfigurationName = Release;
		};
/* End XCConfigurationList section */
	};
	rootObject = 55259DB921A5382F00D2F6CB /* Project object */;
}
